
Microsoft Visual Studio Solution File, Format Version 12.00
# Visual Studio 2013
VisualStudioVersion = 12.0.31101.0
MinimumVisualStudioVersion = 10.0.40219.1
Project("{F2A71F9B-5D33-465A-A702-920D77279786}") = "1 CrisisCheckinCanopyTests", "CrisisCheckinCanopyTests\1 CrisisCheckinCanopyTests.fsproj", "{F5A66A3F-8459-4124-8E71-182F6D283E31}"
EndProject
Project("{F2A71F9B-5D33-465A-A702-920D77279786}") = "CrisisCheckinAutomation", "CrisisCheckinAutomation\CrisisCheckinAutomation.fsproj", "{ACD7EE38-B637-4091-86B3-8514C03F0FCB}"
EndProject
Global
	GlobalSection(SolutionConfigurationPlatforms) = preSolution
		Debug|Any CPU = Debug|Any CPU
		Release|Any CPU = Release|Any CPU
	EndGlobalSection
	GlobalSection(ProjectConfigurationPlatforms) = postSolution
		{F5A66A3F-8459-4124-8E71-182F6D283E31}.Debug|Any CPU.ActiveCfg = Debug|Any CPU
		{F5A66A3F-8459-4124-8E71-182F6D283E31}.Debug|Any CPU.Build.0 = Debug|Any CPU
		{F5A66A3F-8459-4124-8E71-182F6D283E31}.Release|Any CPU.ActiveCfg = Release|Any CPU
		{F5A66A3F-8459-4124-8E71-182F6D283E31}.Release|Any CPU.Build.0 = Release|Any CPU
		{ACD7EE38-B637-4091-86B3-8514C03F0FCB}.Debug|Any CPU.ActiveCfg = Debug|Any CPU
		{ACD7EE38-B637-4091-86B3-8514C03F0FCB}.Debug|Any CPU.Build.0 = Debug|Any CPU
		{ACD7EE38-B637-4091-86B3-8514C03F0FCB}.Release|Any CPU.ActiveCfg = Release|Any CPU
		{ACD7EE38-B637-4091-86B3-8514C03F0FCB}.Release|Any CPU.Build.0 = Release|Any CPU
	EndGlobalSection
	GlobalSection(SolutionProperties) = preSolution
		HideSolutionNode = FALSE
	EndGlobalSection
EndGlobal
